
Microsoft Visual Studio Solution File, Format Version 12.00
# Visual Studio Version 17
VisualStudioVersion = 17.6.33717.318
MinimumVisualStudioVersion = 10.0.40219.1
Project("{9A19103F-16F7-4668-BE54-9A1E7A4F7556}") = "Hamburgueria.WEB", "Hamburgueron & Onicham\Hamburgueria.WEB.csproj", "{E37605D7-DD38-4AB2-82A0-88BD91A91D2C}"
EndProject
Project("{9A19103F-16F7-4668-BE54-9A1E7A4F7556}") = "Hamburgueria.DATA", "Hamburgueria.DATA\Hamburgueria.DATA.csproj", "{8F7F02C9-23FD-4FC0-976E-80E0CCB1A2CF}"
EndProject
Global
	GlobalSection(SolutionConfigurationPlatforms) = preSolution
		Debug|Any CPU = Debug|Any CPU
		Release|Any CPU = Release|Any CPU
	EndGlobalSection
	GlobalSection(ProjectConfigurationPlatforms) = postSolution
		{E37605D7-DD38-4AB2-82A0-88BD91A91D2C}.Debug|Any CPU.ActiveCfg = Debug|Any CPU
		{E37605D7-DD38-4AB2-82A0-88BD91A91D2C}.Debug|Any CPU.Build.0 = Debug|Any CPU
		{E37605D7-DD38-4AB2-82A0-88BD91A91D2C}.Release|Any CPU.ActiveCfg = Release|Any CPU
		{E37605D7-DD38-4AB2-82A0-88BD91A91D2C}.Release|Any CPU.Build.0 = Release|Any CPU
		{8F7F02C9-23FD-4FC0-976E-80E0CCB1A2CF}.Debug|Any CPU.ActiveCfg = Debug|Any CPU
		{8F7F02C9-23FD-4FC0-976E-80E0CCB1A2CF}.Debug|Any CPU.Build.0 = Debug|Any CPU
		{8F7F02C9-23FD-4FC0-976E-80E0CCB1A2CF}.Release|Any CPU.ActiveCfg = Release|Any CPU
		{8F7F02C9-23FD-4FC0-976E-80E0CCB1A2CF}.Release|Any CPU.Build.0 = Release|Any CPU
	EndGlobalSection
	GlobalSection(SolutionProperties) = preSolution
		HideSolutionNode = FALSE
	EndGlobalSection
	GlobalSection(ExtensibilityGlobals) = postSolution
		SolutionGuid = {889BBC31-7338-456A-AA65-FCD69098A0A1}
	EndGlobalSection
EndGlobal
